
Microsoft Visual Studio Solution File, Format Version 12.00
# Visual Studio Version 17
VisualStudioVersion = 17.9.34714.143
MinimumVisualStudioVersion = 10.0.40219.1
Project("{FAE04EC0-301F-11D3-BF4B-00C04F79EFBC}") = "TouchBehaviorContentView", "TouchBehaviorContentView.csproj", "{E9436965-C9A7-44CE-9B48-208106D2C904}"
EndProject
Global
	GlobalSection(SolutionConfigurationPlatforms) = preSolution
		Debug|Any CPU = Debug|Any CPU
		Release|Any CPU = Release|Any CPU
	EndGlobalSection
	GlobalSection(ProjectConfigurationPlatforms) = postSolution
		{E9436965-C9A7-44CE-9B48-208106D2C904}.Debug|Any CPU.ActiveCfg = Debug|Any CPU
		{E9436965-C9A7-44CE-9B48-208106D2C904}.Debug|Any CPU.Build.0 = Debug|Any CPU
		{E9436965-C9A7-44CE-9B48-208106D2C904}.Debug|Any CPU.Deploy.0 = Debug|Any CPU
		{E9436965-C9A7-44CE-9B48-208106D2C904}.Release|Any CPU.ActiveCfg = Release|Any CPU
		{E9436965-C9A7-44CE-9B48-208106D2C904}.Release|Any CPU.Build.0 = Release|Any CPU
		{E9436965-C9A7-44CE-9B48-208106D2C904}.Release|Any CPU.Deploy.0 = Release|Any CPU
	EndGlobalSection
	GlobalSection(SolutionProperties) = preSolution
		HideSolutionNode = FALSE
	EndGlobalSection
	GlobalSection(ExtensibilityGlobals) = postSolution
		SolutionGuid = {D516D9F7-A17D-4474-99E6-851CD8011CCF}
	EndGlobalSection
EndGlobal
